{
  "version": 4,
  "terraform_version": "1.14.8",
  "serial": 3,
  "lineage": "032c6ba6-3566-7bb3-b78e-f06e61648c1f",
  "outputs": {
    "vm_instance_ip": {
      "value": "34.95.172.77",
      "type": "string"
    }
  },
  "resources": [
    {
      "mode": "managed",
      "type": "google_compute_address",
      "name": "static",
      "provider": "provider[\"registry.terraform.io/hashicorp/google\"]",
      "instances": [
        {
          "schema_version": 0,
          "attributes": {
            "address": "34.95.172.77",
            "address_type": "EXTERNAL",
            "creation_timestamp": "2026-04-16T07:43:03.811-07:00",
            "description": "",
            "id": "projects/project-bigdata-493514/regions/southamerica-east1/addresses/static-ip",
            "name": "static-ip",
            "network": "",
            "network_tier": "PREMIUM",
            "prefix_length": 0,
            "project": "project-bigdata-493514",
            "purpose": "",
            "region": "southamerica-east1",
            "self_link": "https://www.googleapis.com/compute/v1/projects/project-bigdata-493514/regions/southamerica-east1/addresses/static-ip",
            "subnetwork": "",
            "timeouts": null,
            "users": []
          },
          "sensitive_attributes": [],
          "identity_schema_version": 0,
          "private": "eyJlMmJmYjczMC1lY2FhLTExZTYtOGY4OC0zNDM2M2JjN2M0YzAiOnsiY3JlYXRlIjoxMjAwMDAwMDAwMDAwLCJkZWxldGUiOjEyMDAwMDAwMDAwMDB9fQ=="
        }
      ]
    }
  ],
  "check_results": null
}
